
Microsoft Visual Studio Solution File, Format Version 12.00
# Visual Studio Version 17
VisualStudioVersion = 17.2.32616.157
MinimumVisualStudioVersion = 10.0.40219.1
Project("{8BC9CEB8-8B4A-11D0-8D11-00A0C91BC942}") = "Function__", "Function__\Function__.vcxproj", "{268D0AA6-44D8-4883-99A6-C30136F8AF4D}"
EndProject
Project("{8BC9CEB8-8B4A-11D0-8D11-00A0C91BC942}") = "function_HW", "function_HW\function_HW.vcxproj", "{88DACA8C-FBF4-4E1D-8412-5A94000530AC}"
EndProject
Project("{8BC9CEB8-8B4A-11D0-8D11-00A0C91BC942}") = "ARRYS", "ARRYS\ARRYS.vcxproj", "{DED38FB1-5E0F-4234-8DAE-DBBCF562F124}"
EndProject
Project("{8BC9CEB8-8B4A-11D0-8D11-00A0C91BC942}") = "Project__hw", "Project__hw\Project__hw.vcxproj", "{123EF666-B781-4EF6-854F-1CBBAFBC5736}"
EndProject
Global
	GlobalSection(SolutionConfigurationPlatforms) = preSolution
		Debug|x64 = Debug|x64
		Debug|x86 = Debug|x86
		Release|x64 = Release|x64
		Release|x86 = Release|x86
	EndGlobalSection
	GlobalSection(ProjectConfigurationPlatforms) = postSolution
		{268D0AA6-44D8-4883-99A6-C30136F8AF4D}.Debug|x64.ActiveCfg = Debug|x64
		{268D0AA6-44D8-4883-99A6-C30136F8AF4D}.Debug|x64.Build.0 = Debug|x64
		{268D0AA6-44D8-4883-99A6-C30136F8AF4D}.Debug|x86.ActiveCfg = Debug|Win32
		{268D0AA6-44D8-4883-99A6-C30136F8AF4D}.Debug|x86.Build.0 = Debug|Win32
		{268D0AA6-44D8-4883-99A6-C30136F8AF4D}.Release|x64.ActiveCfg = Release|x64
		{268D0AA6-44D8-4883-99A6-C30136F8AF4D}.Release|x64.Build.0 = Release|x64
		{268D0AA6-44D8-4883-99A6-C30136F8AF4D}.Release|x86.ActiveCfg = Release|Win32
		{268D0AA6-44D8-4883-99A6-C30136F8AF4D}.Release|x86.Build.0 = Release|Win32
		{88DACA8C-FBF4-4E1D-8412-5A94000530AC}.Debug|x64.ActiveCfg = Debug|x64
		{88DACA8C-FBF4-4E1D-8412-5A94000530AC}.Debug|x64.Build.0 = Debug|x64
		{88DACA8C-FBF4-4E1D-8412-5A94000530AC}.Debug|x86.ActiveCfg = Debug|Win32
		{88DACA8C-FBF4-4E1D-8412-5A94000530AC}.Debug|x86.Build.0 = Debug|Win32
		{88DACA8C-FBF4-4E1D-8412-5A94000530AC}.Release|x64.ActiveCfg = Release|x64
		{88DACA8C-FBF4-4E1D-8412-5A94000530AC}.Release|x64.Build.0 = Release|x64
		{88DACA8C-FBF4-4E1D-8412-5A94000530AC}.Release|x86.ActiveCfg = Release|Win32
		{88DACA8C-FBF4-4E1D-8412-5A94000530AC}.Release|x86.Build.0 = Release|Win32
		{DED38FB1-5E0F-4234-8DAE-DBBCF562F124}.Debug|x64.ActiveCfg = Debug|x64
		{DED38FB1-5E0F-4234-8DAE-DBBCF562F124}.Debug|x64.Build.0 = Debug|x64
		{DED38FB1-5E0F-4234-8DAE-DBBCF562F124}.Debug|x86.ActiveCfg = Debug|Win32
		{DED38FB1-5E0F-4234-8DAE-DBBCF562F124}.Debug|x86.Build.0 = Debug|Win32
		{DED38FB1-5E0F-4234-8DAE-DBBCF562F124}.Release|x64.ActiveCfg = Release|x64
		{DED38FB1-5E0F-4234-8DAE-DBBCF562F124}.Release|x64.Build.0 = Release|x64
		{DED38FB1-5E0F-4234-8DAE-DBBCF562F124}.Release|x86.ActiveCfg = Release|Win32
		{DED38FB1-5E0F-4234-8DAE-DBBCF562F124}.Release|x86.Build.0 = Release|Win32
		{123EF666-B781-4EF6-854F-1CBBAFBC5736}.Debug|x64.ActiveCfg = Debug|x64
		{123EF666-B781-4EF6-854F-1CBBAFBC5736}.Debug|x64.Build.0 = Debug|x64
		{123EF666-B781-4EF6-854F-1CBBAFBC5736}.Debug|x86.ActiveCfg = Debug|Win32
		{123EF666-B781-4EF6-854F-1CBBAFBC5736}.Debug|x86.Build.0 = Debug|Win32
		{123EF666-B781-4EF6-854F-1CBBAFBC5736}.Release|x64.ActiveCfg = Release|x64
		{123EF666-B781-4EF6-854F-1CBBAFBC5736}.Release|x64.Build.0 = Release|x64
		{123EF666-B781-4EF6-854F-1CBBAFBC5736}.Release|x86.ActiveCfg = Release|Win32
		{123EF666-B781-4EF6-854F-1CBBAFBC5736}.Release|x86.Build.0 = Release|Win32
	EndGlobalSection
	GlobalSection(SolutionProperties) = preSolution
		HideSolutionNode = FALSE
	EndGlobalSection
	GlobalSection(ExtensibilityGlobals) = postSolution
		SolutionGuid = {56B6AE63-9A85-4CEF-9957-604C08EF43B4}
	EndGlobalSection
EndGlobal
